
Microsoft Visual Studio Solution File, Format Version 12.00
# Visual Studio Version 17
VisualStudioVersion = 17.9.34407.89
MinimumVisualStudioVersion = 10.0.40219.1
Project("{FAE04EC0-301F-11D3-BF4B-00C04F79EFBC}") = "KanjiStudy", "KanjiStudy.csproj", "{5071307E-8643-453F-B5D9-DF0EB78A3368}"
EndProject
Global
	GlobalSection(SolutionConfigurationPlatforms) = preSolution
		Debug|Any CPU = Debug|Any CPU
		Release|Any CPU = Release|Any CPU
	EndGlobalSection
	GlobalSection(ProjectConfigurationPlatforms) = postSolution
		{5071307E-8643-453F-B5D9-DF0EB78A3368}.Debug|Any CPU.ActiveCfg = Debug|Any CPU
		{5071307E-8643-453F-B5D9-DF0EB78A3368}.Debug|Any CPU.Build.0 = Debug|Any CPU
		{5071307E-8643-453F-B5D9-DF0EB78A3368}.Debug|Any CPU.Deploy.0 = Debug|Any CPU
		{5071307E-8643-453F-B5D9-DF0EB78A3368}.Release|Any CPU.ActiveCfg = Release|Any CPU
		{5071307E-8643-453F-B5D9-DF0EB78A3368}.Release|Any CPU.Build.0 = Release|Any CPU
		{5071307E-8643-453F-B5D9-DF0EB78A3368}.Release|Any CPU.Deploy.0 = Release|Any CPU
	EndGlobalSection
	GlobalSection(SolutionProperties) = preSolution
		HideSolutionNode = FALSE
	EndGlobalSection
	GlobalSection(ExtensibilityGlobals) = postSolution
		SolutionGuid = {08CE0793-CB3C-4113-984A-37D5D34DB23F}
	EndGlobalSection
EndGlobal
